
Microsoft Visual Studio Solution File, Format Version 12.00
# Visual Studio Version 17
VisualStudioVersion = 17.9.34728.123
MinimumVisualStudioVersion = 10.0.40219.1
Project("{FAE04EC0-301F-11D3-BF4B-00C04F79EFBC}") = "ImageUploadingASPCore", "ImageUploadingASPCore\ImageUploadingASPCore.csproj", "{0E5D4FBD-E093-4A8C-9ED0-322043732D37}"
EndProject
Global
	GlobalSection(SolutionConfigurationPlatforms) = preSolution
		Debug|Any CPU = Debug|Any CPU
		Release|Any CPU = Release|Any CPU
	EndGlobalSection
	GlobalSection(ProjectConfigurationPlatforms) = postSolution
		{0E5D4FBD-E093-4A8C-9ED0-322043732D37}.Debug|Any CPU.ActiveCfg = Debug|Any CPU
		{0E5D4FBD-E093-4A8C-9ED0-322043732D37}.Debug|Any CPU.Build.0 = Debug|Any CPU
		{0E5D4FBD-E093-4A8C-9ED0-322043732D37}.Release|Any CPU.ActiveCfg = Release|Any CPU
		{0E5D4FBD-E093-4A8C-9ED0-322043732D37}.Release|Any CPU.Build.0 = Release|Any CPU
	EndGlobalSection
	GlobalSection(SolutionProperties) = preSolution
		HideSolutionNode = FALSE
	EndGlobalSection
	GlobalSection(ExtensibilityGlobals) = postSolution
		SolutionGuid = {69E0CDDF-F723-495A-8BEB-B75181E51A86}
	EndGlobalSection
EndGlobal
